
Microsoft Visual Studio Solution File, Format Version 12.00
# Visual Studio 15
VisualStudioVersion = 15.0.28307.539
MinimumVisualStudioVersion = 10.0.40219.1
Project("{888888A0-9F3D-457C-B088-3A5042F75D52}") = "Lutz_2", "Lutz_2\Lutz_2.pyproj", "{055B59B9-8751-4985-B60B-B9FC203B33DB}"
EndProject
Global
	GlobalSection(SolutionConfigurationPlatforms) = preSolution
		Debug|Any CPU = Debug|Any CPU
		Release|Any CPU = Release|Any CPU
	EndGlobalSection
	GlobalSection(ProjectConfigurationPlatforms) = postSolution
		{055B59B9-8751-4985-B60B-B9FC203B33DB}.Debug|Any CPU.ActiveCfg = Debug|Any CPU
		{055B59B9-8751-4985-B60B-B9FC203B33DB}.Release|Any CPU.ActiveCfg = Release|Any CPU
	EndGlobalSection
	GlobalSection(SolutionProperties) = preSolution
		HideSolutionNode = FALSE
	EndGlobalSection
	GlobalSection(ExtensibilityGlobals) = postSolution
		SolutionGuid = {F79EE48F-11D5-4170-B882-B8995EE1F45C}
	EndGlobalSection
EndGlobal
